
Microsoft Visual Studio Solution File, Format Version 12.00
# Visual Studio 15
VisualStudioVersion = 15.0.27130.0
MinimumVisualStudioVersion = 10.0.40219.1
Project("{8BC9CEB8-8B4A-11D0-8D11-00A0C91BC942}") = "PBR", "PBR.vcxproj", "{7F6DC88B-FFAA-4C17-BAAC-DFEA91BAA2D3}"
EndProject
Global
	GlobalSection(SolutionConfigurationPlatforms) = preSolution
		Debug|x64 = Debug|x64
		Release|x64 = Release|x64
	EndGlobalSection
	GlobalSection(ProjectConfigurationPlatforms) = postSolution
		{7F6DC88B-FFAA-4C17-BAAC-DFEA91BAA2D3}.Debug|x64.ActiveCfg = Debug|x64
		{7F6DC88B-FFAA-4C17-BAAC-DFEA91BAA2D3}.Debug|x64.Build.0 = Debug|x64
		{7F6DC88B-FFAA-4C17-BAAC-DFEA91BAA2D3}.Release|x64.ActiveCfg = Release|x64
		{7F6DC88B-FFAA-4C17-BAAC-DFEA91BAA2D3}.Release|x64.Build.0 = Release|x64
	EndGlobalSection
	GlobalSection(SolutionProperties) = preSolution
		HideSolutionNode = FALSE
	EndGlobalSection
	GlobalSection(ExtensibilityGlobals) = postSolution
		SolutionGuid = {7CB41436-925C-4448-ADD9-DDB042140738}
	EndGlobalSection
EndGlobal
