<?xml version="1.0" encoding="utf-8"?>
<Project ToolsVersion="4.0" xmlns="http://schemas.microsoft.com/developer/msbuild/2003">
  <ItemGroup>
    <Filter Include="src">
      <UniqueIdentifier>{4e25b2bf-70c6-4f6b-96b0-410fffa1e5d7}</UniqueIdentifier>
    </Filter>
    <Filter Include="src\common">
      <UniqueIdentifier>{f7f73fd6-c9d1-4ff0-a526-8f6a481379a6}</UniqueIdentifier>
    </Filter>
    <Filter Include="src\lib">
      <UniqueIdentifier>{df0f1f33-1fda-40c0-9c3a-ced8e92affb6}</UniqueIdentifier>
    </Filter>
  </ItemGroup>
  <ItemGroup>
    <ClCompile Include="..\..\src\opengl.cpp">
      <Filter>src</Filter>
    </ClCompile>
    <ClCompile Include="..\..\lib\glad\src\glad.c">
      <Filter>src\lib</Filter>
    </ClCompile>
    <ClCompile Include="..\..\src\common\mesh.cpp">
      <Filter>src\common</Filter>
    </ClCompile>
    <ClCompile Include="..\..\src\common\utils.cpp">
      <Filter>src\common</Filter>
    </ClCompile>
    <ClCompile Include="..\..\lib\stb\src\libstb.c">
      <Filter>src\lib</Filter>
    </ClCompile>
    <ClCompile Include="..\..\src\common\image.cpp">
      <Filter>src\common</Filter>
    </ClCompile>
    <ClCompile Include="..\..\src\main.cpp">
      <Filter>src</Filter>
    </ClCompile>
    <ClCompile Include="..\..\src\common\application.cpp">
      <Filter>src\common</Filter>
    </ClCompile>
  </ItemGroup>
  <ItemGroup>
    <ClInclude Include="..\..\src\opengl.hpp">
      <Filter>src</Filter>
    </ClInclude>
    <ClInclude Include="..\..\src\common\mesh.hpp">
      <Filter>src\common</Filter>
    </ClInclude>
    <ClInclude Include="..\..\src\common\utils.hpp">
      <Filter>src\common</Filter>
    </ClInclude>
    <ClInclude Include="..\..\src\common\image.hpp">
      <Filter>src\common</Filter>
    </ClInclude>
    <ClInclude Include="..\..\src\common\renderer.hpp">
      <Filter>src\common</Filter>
    </ClInclude>
    <ClInclude Include="..\..\src\common\application.hpp">
      <Filter>src\common</Filter>
    </ClInclude>
  </ItemGroup>
</Project>